
Microsoft Visual Studio Solution File, Format Version 12.00
# Visual Studio 15
VisualStudioVersion = 15.0.28307.852
MinimumVisualStudioVersion = 10.0.40219.1
Project("{9A19103F-16F7-4668-BE54-9A1E7A4F7556}") = "FindNthRootNUnitTest", "FindNthRootNUnitTest\FindNthRootNUnitTest.csproj", "{6E89B596-F8AE-45C7-9685-B2428957D802}"
EndProject
Project("{FAE04EC0-301F-11D3-BF4B-00C04F79EFBC}") = "MatrixStringsBubbleSort", "MatrixStringsBubbleSort\MatrixStringsBubbleSort.csproj", "{CE652A7A-24E3-48A6-A7C5-31754FFBDEE1}"
EndProject
Project("{9A19103F-16F7-4668-BE54-9A1E7A4F7556}") = "MatrixStringsBubbleSortMSTest", "MatrixStringsBubbleSortMSTest\MatrixStringsBubbleSortMSTest.csproj", "{5B78F97A-DD5C-4794-B2BB-3064D82F9D71}"
EndProject
Project("{FAE04EC0-301F-11D3-BF4B-00C04F79EFBC}") = "FindNthRoot", "FindNthRoot\FindNthRoot.csproj", "{93A46A64-A59B-48B1-B2B7-B6C2DC1FAEB6}"
EndProject
Global
	GlobalSection(SolutionConfigurationPlatforms) = preSolution
		Debug|Any CPU = Debug|Any CPU
		Release|Any CPU = Release|Any CPU
	EndGlobalSection
	GlobalSection(ProjectConfigurationPlatforms) = postSolution
		{6E89B596-F8AE-45C7-9685-B2428957D802}.Debug|Any CPU.ActiveCfg = Debug|Any CPU
		{6E89B596-F8AE-45C7-9685-B2428957D802}.Debug|Any CPU.Build.0 = Debug|Any CPU
		{6E89B596-F8AE-45C7-9685-B2428957D802}.Release|Any CPU.ActiveCfg = Release|Any CPU
		{6E89B596-F8AE-45C7-9685-B2428957D802}.Release|Any CPU.Build.0 = Release|Any CPU
		{CE652A7A-24E3-48A6-A7C5-31754FFBDEE1}.Debug|Any CPU.ActiveCfg = Debug|Any CPU
		{CE652A7A-24E3-48A6-A7C5-31754FFBDEE1}.Debug|Any CPU.Build.0 = Debug|Any CPU
		{CE652A7A-24E3-48A6-A7C5-31754FFBDEE1}.Release|Any CPU.ActiveCfg = Release|Any CPU
		{CE652A7A-24E3-48A6-A7C5-31754FFBDEE1}.Release|Any CPU.Build.0 = Release|Any CPU
		{5B78F97A-DD5C-4794-B2BB-3064D82F9D71}.Debug|Any CPU.ActiveCfg = Debug|Any CPU
		{5B78F97A-DD5C-4794-B2BB-3064D82F9D71}.Debug|Any CPU.Build.0 = Debug|Any CPU
		{5B78F97A-DD5C-4794-B2BB-3064D82F9D71}.Release|Any CPU.ActiveCfg = Release|Any CPU
		{5B78F97A-DD5C-4794-B2BB-3064D82F9D71}.Release|Any CPU.Build.0 = Release|Any CPU
		{93A46A64-A59B-48B1-B2B7-B6C2DC1FAEB6}.Debug|Any CPU.ActiveCfg = Debug|Any CPU
		{93A46A64-A59B-48B1-B2B7-B6C2DC1FAEB6}.Debug|Any CPU.Build.0 = Debug|Any CPU
		{93A46A64-A59B-48B1-B2B7-B6C2DC1FAEB6}.Release|Any CPU.ActiveCfg = Release|Any CPU
		{93A46A64-A59B-48B1-B2B7-B6C2DC1FAEB6}.Release|Any CPU.Build.0 = Release|Any CPU
	EndGlobalSection
	GlobalSection(SolutionProperties) = preSolution
		HideSolutionNode = FALSE
	EndGlobalSection
	GlobalSection(ExtensibilityGlobals) = postSolution
		SolutionGuid = {71025542-E944-4105-BDCF-C1828E83029C}
	EndGlobalSection
EndGlobal
