
Microsoft Visual Studio Solution File, Format Version 12.00
# Visual Studio 15
VisualStudioVersion = 15.0.28307.852
MinimumVisualStudioVersion = 10.0.40219.1
Project("{FAE04EC0-301F-11D3-BF4B-00C04F79EFBC}") = "FindNextBiggerNumberTask", "FindNextBiggerNumberTask\FindNextBiggerNumberTask.csproj", "{0F8475B8-0D16-40BF-A250-E25900EE221E}"
EndProject
Project("{FAE04EC0-301F-11D3-BF4B-00C04F79EFBC}") = "FindNextBiggerNumberNUnitTest", "FindNextBiggerNumberNUnitTest\FindNextBiggerNumberNUnitTest.csproj", "{6381F90B-6FDC-44C6-805A-8535DA8AC54A}"
EndProject
Global
	GlobalSection(SolutionConfigurationPlatforms) = preSolution
		Debug|Any CPU = Debug|Any CPU
		Release|Any CPU = Release|Any CPU
	EndGlobalSection
	GlobalSection(ProjectConfigurationPlatforms) = postSolution
		{0F8475B8-0D16-40BF-A250-E25900EE221E}.Debug|Any CPU.ActiveCfg = Debug|Any CPU
		{0F8475B8-0D16-40BF-A250-E25900EE221E}.Debug|Any CPU.Build.0 = Debug|Any CPU
		{0F8475B8-0D16-40BF-A250-E25900EE221E}.Release|Any CPU.ActiveCfg = Release|Any CPU
		{0F8475B8-0D16-40BF-A250-E25900EE221E}.Release|Any CPU.Build.0 = Release|Any CPU
		{6381F90B-6FDC-44C6-805A-8535DA8AC54A}.Debug|Any CPU.ActiveCfg = Debug|Any CPU
		{6381F90B-6FDC-44C6-805A-8535DA8AC54A}.Debug|Any CPU.Build.0 = Debug|Any CPU
		{6381F90B-6FDC-44C6-805A-8535DA8AC54A}.Release|Any CPU.ActiveCfg = Release|Any CPU
		{6381F90B-6FDC-44C6-805A-8535DA8AC54A}.Release|Any CPU.Build.0 = Release|Any CPU
	EndGlobalSection
	GlobalSection(SolutionProperties) = preSolution
		HideSolutionNode = FALSE
	EndGlobalSection
	GlobalSection(ExtensibilityGlobals) = postSolution
		SolutionGuid = {92A1DEF9-410F-4728-97B5-D5B87BDF0DFB}
	EndGlobalSection
EndGlobal
