
Microsoft Visual Studio Solution File, Format Version 12.00
# Visual Studio 15
VisualStudioVersion = 15.0.28307.852
MinimumVisualStudioVersion = 10.0.40219.1
Project("{FAE04EC0-301F-11D3-BF4B-00C04F79EFBC}") = "FindMaxTask", "FindMaxTask\FindMaxTask.csproj", "{9154370F-8D5D-450F-A0DE-E572207EBBD9}"
EndProject
Global
	GlobalSection(SolutionConfigurationPlatforms) = preSolution
		Debug|Any CPU = Debug|Any CPU
		Release|Any CPU = Release|Any CPU
	EndGlobalSection
	GlobalSection(ProjectConfigurationPlatforms) = postSolution
		{9154370F-8D5D-450F-A0DE-E572207EBBD9}.Debug|Any CPU.ActiveCfg = Debug|Any CPU
		{9154370F-8D5D-450F-A0DE-E572207EBBD9}.Debug|Any CPU.Build.0 = Debug|Any CPU
		{9154370F-8D5D-450F-A0DE-E572207EBBD9}.Release|Any CPU.ActiveCfg = Release|Any CPU
		{9154370F-8D5D-450F-A0DE-E572207EBBD9}.Release|Any CPU.Build.0 = Release|Any CPU
	EndGlobalSection
	GlobalSection(SolutionProperties) = preSolution
		HideSolutionNode = FALSE
	EndGlobalSection
	GlobalSection(ExtensibilityGlobals) = postSolution
		SolutionGuid = {5F4F6A73-9EA5-4856-945A-EE1AF8E78F74}
	EndGlobalSection
EndGlobal
